
Microsoft Visual Studio Solution File, Format Version 12.00
Project("{8BC9CEB8-8B4A-11D0-8D11-00A0C91BC942}") = "Agario", "Agario\Agario.vcxproj", "{5A2BA583-BA55-4525-BF32-49B55A61001A}"
EndProject
Project("{8BC9CEB8-8B4A-11D0-8D11-00A0C91BC942}") = "Engine", "Engine\Engine.vcxproj", "{1E5725F1-684F-4D5D-8AF7-BA66E0645616}"
EndProject
Global
	GlobalSection(SolutionConfigurationPlatforms) = preSolution
		Debug|Win32 = Debug|Win32
		Debug|x64 = Debug|x64
		Release|Win32 = Release|Win32
		Release|x64 = Release|x64
	EndGlobalSection
	GlobalSection(ProjectConfigurationPlatforms) = postSolution
		{5A2BA583-BA55-4525-BF32-49B55A61001A}.Debug|Win32.ActiveCfg = Debug|Win32
		{5A2BA583-BA55-4525-BF32-49B55A61001A}.Debug|Win32.Build.0 = Debug|Win32
		{5A2BA583-BA55-4525-BF32-49B55A61001A}.Debug|x64.ActiveCfg = Debug|x64
		{5A2BA583-BA55-4525-BF32-49B55A61001A}.Debug|x64.Build.0 = Debug|x64
		{5A2BA583-BA55-4525-BF32-49B55A61001A}.Release|Win32.ActiveCfg = Release|Win32
		{5A2BA583-BA55-4525-BF32-49B55A61001A}.Release|Win32.Build.0 = Release|Win32
		{5A2BA583-BA55-4525-BF32-49B55A61001A}.Release|x64.ActiveCfg = Release|x64
		{5A2BA583-BA55-4525-BF32-49B55A61001A}.Release|x64.Build.0 = Release|x64
		{1E5725F1-684F-4D5D-8AF7-BA66E0645616}.Debug|Win32.ActiveCfg = Debug|Win32
		{1E5725F1-684F-4D5D-8AF7-BA66E0645616}.Debug|Win32.Build.0 = Debug|Win32
		{1E5725F1-684F-4D5D-8AF7-BA66E0645616}.Debug|x64.ActiveCfg = Debug|x64
		{1E5725F1-684F-4D5D-8AF7-BA66E0645616}.Debug|x64.Build.0 = Debug|x64
		{1E5725F1-684F-4D5D-8AF7-BA66E0645616}.Release|Win32.ActiveCfg = Release|Win32
		{1E5725F1-684F-4D5D-8AF7-BA66E0645616}.Release|Win32.Build.0 = Release|Win32
		{1E5725F1-684F-4D5D-8AF7-BA66E0645616}.Release|x64.ActiveCfg = Release|x64
		{1E5725F1-684F-4D5D-8AF7-BA66E0645616}.Release|x64.Build.0 = Release|x64
	EndGlobalSection
EndGlobal
